
Microsoft Visual Studio Solution File, Format Version 12.00
# Visual Studio Version 16
VisualStudioVersion = 16.0.30621.155
MinimumVisualStudioVersion = 10.0.40219.1
Project("{FAE04EC0-301F-11D3-BF4B-00C04F79EFBC}") = "01_types", "01_types\01_types.csproj", "{E3266DF3-13D5-4C71-978A-42AAC53AB78C}"
EndProject
Project("{FAE04EC0-301F-11D3-BF4B-00C04F79EFBC}") = "02_Conditionals", "02_Conditionals\02_Conditionals.csproj", "{9896A055-83A6-4C15-93C6-8E79A45F85B0}"
EndProject
Project("{FAE04EC0-301F-11D3-BF4B-00C04F79EFBC}") = "03_Loops", "03_Loops\03_Loops.csproj", "{08729AA6-769D-4E5C-97B0-D7A2C9C0A58A}"
EndProject
Project("{FAE04EC0-301F-11D3-BF4B-00C04F79EFBC}") = "04_Methods", "04_Methods\04_Methods.csproj", "{274A655C-399F-4E4A-A960-A0F9C6241331}"
EndProject
Project("{FAE04EC0-301F-11D3-BF4B-00C04F79EFBC}") = "05_Classes", "05_Classes\05_Classes.csproj", "{2EA667C8-00CA-460B-A322-B4EABCED3263}"
EndProject
Global
	GlobalSection(SolutionConfigurationPlatforms) = preSolution
		Debug|Any CPU = Debug|Any CPU
		Release|Any CPU = Release|Any CPU
	EndGlobalSection
	GlobalSection(ProjectConfigurationPlatforms) = postSolution
		{E3266DF3-13D5-4C71-978A-42AAC53AB78C}.Debug|Any CPU.ActiveCfg = Debug|Any CPU
		{E3266DF3-13D5-4C71-978A-42AAC53AB78C}.Debug|Any CPU.Build.0 = Debug|Any CPU
		{E3266DF3-13D5-4C71-978A-42AAC53AB78C}.Release|Any CPU.ActiveCfg = Release|Any CPU
		{E3266DF3-13D5-4C71-978A-42AAC53AB78C}.Release|Any CPU.Build.0 = Release|Any CPU
		{9896A055-83A6-4C15-93C6-8E79A45F85B0}.Debug|Any CPU.ActiveCfg = Debug|Any CPU
		{9896A055-83A6-4C15-93C6-8E79A45F85B0}.Debug|Any CPU.Build.0 = Debug|Any CPU
		{9896A055-83A6-4C15-93C6-8E79A45F85B0}.Release|Any CPU.ActiveCfg = Release|Any CPU
		{9896A055-83A6-4C15-93C6-8E79A45F85B0}.Release|Any CPU.Build.0 = Release|Any CPU
		{08729AA6-769D-4E5C-97B0-D7A2C9C0A58A}.Debug|Any CPU.ActiveCfg = Debug|Any CPU
		{08729AA6-769D-4E5C-97B0-D7A2C9C0A58A}.Debug|Any CPU.Build.0 = Debug|Any CPU
		{08729AA6-769D-4E5C-97B0-D7A2C9C0A58A}.Release|Any CPU.ActiveCfg = Release|Any CPU
		{08729AA6-769D-4E5C-97B0-D7A2C9C0A58A}.Release|Any CPU.Build.0 = Release|Any CPU
		{274A655C-399F-4E4A-A960-A0F9C6241331}.Debug|Any CPU.ActiveCfg = Debug|Any CPU
		{274A655C-399F-4E4A-A960-A0F9C6241331}.Debug|Any CPU.Build.0 = Debug|Any CPU
		{274A655C-399F-4E4A-A960-A0F9C6241331}.Release|Any CPU.ActiveCfg = Release|Any CPU
		{274A655C-399F-4E4A-A960-A0F9C6241331}.Release|Any CPU.Build.0 = Release|Any CPU
		{2EA667C8-00CA-460B-A322-B4EABCED3263}.Debug|Any CPU.ActiveCfg = Debug|Any CPU
		{2EA667C8-00CA-460B-A322-B4EABCED3263}.Debug|Any CPU.Build.0 = Debug|Any CPU
		{2EA667C8-00CA-460B-A322-B4EABCED3263}.Release|Any CPU.ActiveCfg = Release|Any CPU
		{2EA667C8-00CA-460B-A322-B4EABCED3263}.Release|Any CPU.Build.0 = Release|Any CPU
	EndGlobalSection
	GlobalSection(SolutionProperties) = preSolution
		HideSolutionNode = FALSE
	EndGlobalSection
	GlobalSection(ExtensibilityGlobals) = postSolution
		SolutionGuid = {047A6065-A2B8-4AD4-8468-1547D8DC53B9}
	EndGlobalSection
EndGlobal
