
Microsoft Visual Studio Solution File, Format Version 12.00
# Visual Studio Version 16
VisualStudioVersion = 16.0.30621.155
MinimumVisualStudioVersion = 10.0.40219.1
Project("{FAE04EC0-301F-11D3-BF4B-00C04F79EFBC}") = "01_types", "01_types\01_types.csproj", "{E3266DF3-13D5-4C71-978A-42AAC53AB78C}"
EndProject
Project("{FAE04EC0-301F-11D3-BF4B-00C04F79EFBC}") = "02_Conditionals", "02_Conditionals\02_Conditionals.csproj", "{9896A055-83A6-4C15-93C6-8E79A45F85B0}"
EndProject
Project("{FAE04EC0-301F-11D3-BF4B-00C04F79EFBC}") = "03_Loops", "03_Loops\03_Loops.csproj", "{08729AA6-769D-4E5C-97B0-D7A2C9C0A58A}"
EndProject
Project("{FAE04EC0-301F-11D3-BF4B-00C04F79EFBC}") = "04_Methods", "04_Methods\04_Methods.csproj", "{274A655C-399F-4E4A-A960-A0F9C6241331}"
EndProject
Project("{FAE04EC0-301F-11D3-BF4B-00C04F79EFBC}") = "05_Classes", "05_Classes\05_Classes.csproj", "{2EA667C8-00CA-460B-A322-B4EABCED3263}"
EndProject
Project("{FAE04EC0-301F-11D3-BF4B-00C04F79EFBC}") = "06_RepositoryPattern_Repository", "06_RepositoryPattern_Repository\06_RepositoryPattern_Repository.csproj", "{0B5BFE25-8AB5-4922-841E-A4CA75DA838F}"
EndProject
Project("{FAE04EC0-301F-11D3-BF4B-00C04F79EFBC}") = "06_RepositoryPattern_Console", "06_RepositoryPattern_Console\06_RepositoryPattern_Console.csproj", "{268520E6-1A22-4B55-A779-27C121417EB2}"
EndProject
Project("{FAE04EC0-301F-11D3-BF4B-00C04F79EFBC}") = "06_RepositoryPattern_Tests", "60_RepositoryPattern_Tests\06_RepositoryPattern_Tests.csproj", "{F3F368E1-069C-4F04-A711-5AB7706A1621}"
EndProject
Project("{FAE04EC0-301F-11D3-BF4B-00C04F79EFBC}") = "07_Inheritance", "07_Inheritance\07_Inheritance.csproj", "{B5DC4961-D032-4D29-B1F6-DD1ED5D01AB8}"
EndProject
Project("{FAE04EC0-301F-11D3-BF4B-00C04F79EFBC}") = "08_Interfaces", "08_Interfances\08_Interfaces.csproj", "{F04BC482-C846-4FC8-9FDC-066C79005A03}"
EndProject
Global
	GlobalSection(SolutionConfigurationPlatforms) = preSolution
		Debug|Any CPU = Debug|Any CPU
		Release|Any CPU = Release|Any CPU
	EndGlobalSection
	GlobalSection(ProjectConfigurationPlatforms) = postSolution
		{E3266DF3-13D5-4C71-978A-42AAC53AB78C}.Debug|Any CPU.ActiveCfg = Debug|Any CPU
		{E3266DF3-13D5-4C71-978A-42AAC53AB78C}.Debug|Any CPU.Build.0 = Debug|Any CPU
		{E3266DF3-13D5-4C71-978A-42AAC53AB78C}.Release|Any CPU.ActiveCfg = Release|Any CPU
		{E3266DF3-13D5-4C71-978A-42AAC53AB78C}.Release|Any CPU.Build.0 = Release|Any CPU
		{9896A055-83A6-4C15-93C6-8E79A45F85B0}.Debug|Any CPU.ActiveCfg = Debug|Any CPU
		{9896A055-83A6-4C15-93C6-8E79A45F85B0}.Debug|Any CPU.Build.0 = Debug|Any CPU
		{9896A055-83A6-4C15-93C6-8E79A45F85B0}.Release|Any CPU.ActiveCfg = Release|Any CPU
		{9896A055-83A6-4C15-93C6-8E79A45F85B0}.Release|Any CPU.Build.0 = Release|Any CPU
		{08729AA6-769D-4E5C-97B0-D7A2C9C0A58A}.Debug|Any CPU.ActiveCfg = Debug|Any CPU
		{08729AA6-769D-4E5C-97B0-D7A2C9C0A58A}.Debug|Any CPU.Build.0 = Debug|Any CPU
		{08729AA6-769D-4E5C-97B0-D7A2C9C0A58A}.Release|Any CPU.ActiveCfg = Release|Any CPU
		{08729AA6-769D-4E5C-97B0-D7A2C9C0A58A}.Release|Any CPU.Build.0 = Release|Any CPU
		{274A655C-399F-4E4A-A960-A0F9C6241331}.Debug|Any CPU.ActiveCfg = Debug|Any CPU
		{274A655C-399F-4E4A-A960-A0F9C6241331}.Debug|Any CPU.Build.0 = Debug|Any CPU
		{274A655C-399F-4E4A-A960-A0F9C6241331}.Release|Any CPU.ActiveCfg = Release|Any CPU
		{274A655C-399F-4E4A-A960-A0F9C6241331}.Release|Any CPU.Build.0 = Release|Any CPU
		{2EA667C8-00CA-460B-A322-B4EABCED3263}.Debug|Any CPU.ActiveCfg = Debug|Any CPU
		{2EA667C8-00CA-460B-A322-B4EABCED3263}.Debug|Any CPU.Build.0 = Debug|Any CPU
		{2EA667C8-00CA-460B-A322-B4EABCED3263}.Release|Any CPU.ActiveCfg = Release|Any CPU
		{2EA667C8-00CA-460B-A322-B4EABCED3263}.Release|Any CPU.Build.0 = Release|Any CPU
		{0B5BFE25-8AB5-4922-841E-A4CA75DA838F}.Debug|Any CPU.ActiveCfg = Debug|Any CPU
		{0B5BFE25-8AB5-4922-841E-A4CA75DA838F}.Debug|Any CPU.Build.0 = Debug|Any CPU
		{0B5BFE25-8AB5-4922-841E-A4CA75DA838F}.Release|Any CPU.ActiveCfg = Release|Any CPU
		{0B5BFE25-8AB5-4922-841E-A4CA75DA838F}.Release|Any CPU.Build.0 = Release|Any CPU
		{268520E6-1A22-4B55-A779-27C121417EB2}.Debug|Any CPU.ActiveCfg = Debug|Any CPU
		{268520E6-1A22-4B55-A779-27C121417EB2}.Debug|Any CPU.Build.0 = Debug|Any CPU
		{268520E6-1A22-4B55-A779-27C121417EB2}.Release|Any CPU.ActiveCfg = Release|Any CPU
		{268520E6-1A22-4B55-A779-27C121417EB2}.Release|Any CPU.Build.0 = Release|Any CPU
		{F3F368E1-069C-4F04-A711-5AB7706A1621}.Debug|Any CPU.ActiveCfg = Debug|Any CPU
		{F3F368E1-069C-4F04-A711-5AB7706A1621}.Debug|Any CPU.Build.0 = Debug|Any CPU
		{F3F368E1-069C-4F04-A711-5AB7706A1621}.Release|Any CPU.ActiveCfg = Release|Any CPU
		{F3F368E1-069C-4F04-A711-5AB7706A1621}.Release|Any CPU.Build.0 = Release|Any CPU
		{B5DC4961-D032-4D29-B1F6-DD1ED5D01AB8}.Debug|Any CPU.ActiveCfg = Debug|Any CPU
		{B5DC4961-D032-4D29-B1F6-DD1ED5D01AB8}.Debug|Any CPU.Build.0 = Debug|Any CPU
		{B5DC4961-D032-4D29-B1F6-DD1ED5D01AB8}.Release|Any CPU.ActiveCfg = Release|Any CPU
		{B5DC4961-D032-4D29-B1F6-DD1ED5D01AB8}.Release|Any CPU.Build.0 = Release|Any CPU
		{F04BC482-C846-4FC8-9FDC-066C79005A03}.Debug|Any CPU.ActiveCfg = Debug|Any CPU
		{F04BC482-C846-4FC8-9FDC-066C79005A03}.Debug|Any CPU.Build.0 = Debug|Any CPU
		{F04BC482-C846-4FC8-9FDC-066C79005A03}.Release|Any CPU.ActiveCfg = Release|Any CPU
		{F04BC482-C846-4FC8-9FDC-066C79005A03}.Release|Any CPU.Build.0 = Release|Any CPU
	EndGlobalSection
	GlobalSection(SolutionProperties) = preSolution
		HideSolutionNode = FALSE
	EndGlobalSection
	GlobalSection(ExtensibilityGlobals) = postSolution
		SolutionGuid = {047A6065-A2B8-4AD4-8468-1547D8DC53B9}
	EndGlobalSection
EndGlobal
